// !$*UTF8*$!
{
	archiveVersion = 1;
	classes = {
	};
	objectVersion = 77;
	objects = {

/* Begin PBXBuildFile section */
		1E2041792FDD800D006F64F3 /* RecipeModel.swift in Sources */ = {isa = PBXBuildFile; fileRef = 1E2041782FDD800D006F64F3 /* RecipeModel.swift */; };
		1E20417B2FDE9844006F64F3 /* RecipeCardView.swift in Sources */ = {isa = PBXBuildFile; fileRef = 1E20417A2FDE9844006F64F3 /* RecipeCardView.swift */; };
		1E20417D2FE0504E006F64F3 /* RecipeFetcher.swift in Sources */ = {isa = PBXBuildFile; fileRef = 1E20417C2FE0504E006F64F3 /* RecipeFetcher.swift */; };
		1E40D3BC2FEBBF0400A78A91 /* DetailViewModel.swift in Sources */ = {isa = PBXBuildFile; fileRef = 1E40D3BB2FEBBF0400A78A91 /* DetailViewModel.swift */; };
		1E40D3BF2FEBC4DB00A78A91 /* UploadViewModel.swift in Sources */ = {isa = PBXBuildFile; fileRef = 1E40D3BE2FEBC4DB00A78A91 /* UploadViewModel.swift */; };
		1E40D3C12FEBECBC00A78A91 /* SignInViewModel.swift in Sources */ = {isa = PBXBuildFile; fileRef = 1E40D3C02FEBECBC00A78A91 /* SignInViewModel.swift */; };
		1E40D3C32FEBF03B00A78A91 /* SignUpViewModel.swift in Sources */ = {isa = PBXBuildFile; fileRef = 1E40D3C22FEBF03A00A78A91 /* SignUpViewModel.swift */; };
		1E40D3C92FED4B1300A78A91 /* Kingfisher in Frameworks */ = {isa = PBXBuildFile; productRef = 1E40D3C82FED4B1300A78A91 /* Kingfisher */; };
		1E40D3CC2FED97D400A78A91 /* Config.xcconfig in Resources */ = {isa = PBXBuildFile; fileRef = 1E40D3CB2FED97D400A78A91 /* Config.xcconfig */; };
		1E468C982FF80A6D0098B6C2 /* UploadStep1View.swift in Sources */ = {isa = PBXBuildFile; fileRef = 1E468C972FF80A6D0098B6C2 /* UploadStep1View.swift */; };
		1E468C9A2FF80D200098B6C2 /* SuccessSheet.swift in Sources */ = {isa = PBXBuildFile; fileRef = 1E468C992FF80D200098B6C2 /* SuccessSheet.swift */; };
		1E468C9E2FF95D110098B6C2 /* BottomView.swift in Sources */ = {isa = PBXBuildFile; fileRef = 1E468C9D2FF95D110098B6C2 /* BottomView.swift */; };
		1E468CA02FFD31170098B6C2 /* Localizable.xcstrings in Resources */ = {isa = PBXBuildFile; fileRef = 1E468C9F2FFD31170098B6C2 /* Localizable.xcstrings */; };
		1E7A779D2FE68D1F00EE8C38 /* DetailView.swift in Sources */ = {isa = PBXBuildFile; fileRef = 1E7A779C2FE68D1F00EE8C38 /* DetailView.swift */; };
		1E7A77A12FE9639A00EE8C38 /* ProfileViewModel.swift in Sources */ = {isa = PBXBuildFile; fileRef = 1E7A77A02FE9639A00EE8C38 /* ProfileViewModel.swift */; };
		1E7A77A42FE964CB00EE8C38 /* RecipeService.swift in Sources */ = {isa = PBXBuildFile; fileRef = 1E7A77A32FE964CB00EE8C38 /* RecipeService.swift */; };
		1E7A77A62FE964D300EE8C38 /* UserService.swift in Sources */ = {isa = PBXBuildFile; fileRef = 1E7A77A52FE964D300EE8C38 /* UserService.swift */; };
		1E7A77A82FE9782000EE8C38 /* StorageService.swift in Sources */ = {isa = PBXBuildFile; fileRef = 1E7A77A72FE9782000EE8C38 /* StorageService.swift */; };
		1E7A77AC2FEACC8500EE8C38 /* HomeViewModel.swift in Sources */ = {isa = PBXBuildFile; fileRef = 1E7A77AB2FEACC8500EE8C38 /* HomeViewModel.swift */; };
		1E95D8EF2F6065FA001760FE /* Typography.swift in Sources */ = {isa = PBXBuildFile; fileRef = 1E95D8EE2F6065FA001760FE /* Typography.swift */; };
		1E95D8F12F60676D001760FE /* AppButton.swift in Sources */ = {isa = PBXBuildFile; fileRef = 1E95D8F02F60676D001760FE /* AppButton.swift */; };
		1EA69FC9300BD8B900E9E698 /* UserSession.swift in Sources */ = {isa = PBXBuildFile; fileRef = 1EA69FC8300BD8B900E9E698 /* UserSession.swift */; };
		1EA74C192FE542B00045FA4A /* UserModel.swift in Sources */ = {isa = PBXBuildFile; fileRef = 1EA74C182FE542B00045FA4A /* UserModel.swift */; };
		1EABB2EA2F6FE6D400BE67B2 /* GoogleService-Info.plist in Resources */ = {isa = PBXBuildFile; fileRef = 1EABB2E92F6FE6D400BE67B2 /* GoogleService-Info.plist */; };
		1EABB2ED2F6FED0100BE67B2 /* FirebaseAnalytics in Frameworks */ = {isa = PBXBuildFile; productRef = 1EABB2EC2F6FED0100BE67B2 /* FirebaseAnalytics */; };
		1EABB2EF2F6FED0100BE67B2 /* FirebaseAnalyticsCore in Frameworks */ = {isa = PBXBuildFile; productRef = 1EABB2EE2F6FED0100BE67B2 /* FirebaseAnalyticsCore */; };
		1EABB2F12F6FED0100BE67B2 /* FirebaseAuth in Frameworks */ = {isa = PBXBuildFile; productRef = 1EABB2F02F6FED0100BE67B2 /* FirebaseAuth */; };
		1EABB2F32F6FED0100BE67B2 /* FirebaseCore in Frameworks */ = {isa = PBXBuildFile; productRef = 1EABB2F22F6FED0100BE67B2 /* FirebaseCore */; };
		1EABB2F82F6FFF3F00BE67B2 /* AuthenticationManager.swift in Sources */ = {isa = PBXBuildFile; fileRef = 1EABB2F72F6FFF3F00BE67B2 /* AuthenticationManager.swift */; };
		1EABB2FC2F71511300BE67B2 /* UserCoordinator.swift in Sources */ = {isa = PBXBuildFile; fileRef = 1EABB2FB2F71510E00BE67B2 /* UserCoordinator.swift */; };
		1EABB2FE2F752B4C00BE67B2 /* TabBarItem.swift in Sources */ = {isa = PBXBuildFile; fileRef = 1EABB2FD2F752B4C00BE67B2 /* TabBarItem.swift */; };
		1EABB3002F752C8B00BE67B2 /* Tabs.swift in Sources */ = {isa = PBXBuildFile; fileRef = 1EABB2FF2F752C8B00BE67B2 /* Tabs.swift */; };
		1EABB3022F75330300BE67B2 /* UploadView.swift in Sources */ = {isa = PBXBuildFile; fileRef = 1EABB3012F75330300BE67B2 /* UploadView.swift */; };
		1EABB3042F75330A00BE67B2 /* ProfileView.swift in Sources */ = {isa = PBXBuildFile; fileRef = 1EABB3032F75330A00BE67B2 /* ProfileView.swift */; };
		1EABB3062F75331200BE67B2 /* HomeContentView.swift in Sources */ = {isa = PBXBuildFile; fileRef = 1EABB3052F75331200BE67B2 /* HomeContentView.swift */; };
		1EABB30B2F756BB500BE67B2 /* UploadStep2View.swift in Sources */ = {isa = PBXBuildFile; fileRef = 1EABB30A2F756BB500BE67B2 /* UploadStep2View.swift */; };
		1EABB30F2F78FC7800BE67B2 /* SplashView.swift in Sources */ = {isa = PBXBuildFile; fileRef = 1EABB30E2F78FC7500BE67B2 /* SplashView.swift */; };
		1EABB3112F7A6F0300BE67B2 /* IngredientDropDelegate.swift in Sources */ = {isa = PBXBuildFile; fileRef = 1EABB3102F7A6F0300BE67B2 /* IngredientDropDelegate.swift */; };
		1EABB3142F7A73BE00BE67B2 /* Lottie in Frameworks */ = {isa = PBXBuildFile; productRef = 1EABB3132F7A73BE00BE67B2 /* Lottie */; };
		1EABB3172F7EAAC800BE67B2 /* FirebaseFirestore in Frameworks */ = {isa = PBXBuildFile; productRef = 1EABB3162F7EAAC800BE67B2 /* FirebaseFirestore */; };
		1EABB3192F7EAAD500BE67B2 /* FirebaseStorage in Frameworks */ = {isa = PBXBuildFile; productRef = 1EABB3182F7EAAD500BE67B2 /* FirebaseStorage */; };
		1ECF65B32F646CB000892B06 /* SignInView.swift in Sources */ = {isa = PBXBuildFile; fileRef = 1ECF65B02F646CB000892B06 /* SignInView.swift */; };
		1ECF65B62F646CB000892B06 /* OnBoardingView.swift in Sources */ = {isa = PBXBuildFile; fileRef = 1ECF65AE2F646CB000892B06 /* OnBoardingView.swift */; };
		1ECF65B92F65A6E100892B06 /* AppTextField.swift in Sources */ = {isa = PBXBuildFile; fileRef = 1ECF65B82F65A6E100892B06 /* AppTextField.swift */; };
		1ECF65BB2F66ED9300892B06 /* SearchField.swift in Sources */ = {isa = PBXBuildFile; fileRef = 1ECF65BA2F66ED9300892B06 /* SearchField.swift */; };
		1ECF65BD2F6AFAE700892B06 /* SignUpView.swift in Sources */ = {isa = PBXBuildFile; fileRef = 1ECF65BC2F6AFAE700892B06 /* SignUpView.swift */; };
		1ECF65C02F6C55DA00892B06 /* AppRoute.swift in Sources */ = {isa = PBXBuildFile; fileRef = 1ECF65BF2F6C55DA00892B06 /* AppRoute.swift */; };
		1ECF65C22F6C57B800892B06 /* NavigatorCoordinator.swift in Sources */ = {isa = PBXBuildFile; fileRef = 1ECF65C12F6C57B800892B06 /* NavigatorCoordinator.swift */; };
		1ECF65C42F6C6B4400892B06 /* RootView.swift in Sources */ = {isa = PBXBuildFile; fileRef = 1ECF65C32F6C6B4400892B06 /* RootView.swift */; };
		1ECF65C62F6C6C7100892B06 /* HomeView.swift in Sources */ = {isa = PBXBuildFile; fileRef = 1ECF65C52F6C6C7100892B06 /* HomeView.swift */; };
		1ED62D5D2FE1B1760095CFBA /* Supabase.swift in Sources */ = {isa = PBXBuildFile; fileRef = 1ED62D5C2FE1B1750095CFBA /* Supabase.swift */; };
		1ED62D5F2FE1B27F0095CFBA /* Supabase in Frameworks */ = {isa = PBXBuildFile; productRef = 1ED62D5E2FE1B27F0095CFBA /* Supabase */; };
/* End PBXBuildFile section */

/* Begin PBXFileReference section */
		1E2041782FDD800D006F64F3 /* RecipeModel.swift */ = {isa = PBXFileReference; lastKnownFileType = sourcecode.swift; path = RecipeModel.swift; sourceTree = "<group>"; };
		1E20417A2FDE9844006F64F3 /* RecipeCardView.swift */ = {isa = PBXFileReference; lastKnownFileType = sourcecode.swift; path = RecipeCardView.swift; sourceTree = "<group>"; };
		1E20417C2FE0504E006F64F3 /* RecipeFetcher.swift */ = {isa = PBXFileReference; lastKnownFileType = sourcecode.swift; path = RecipeFetcher.swift; sourceTree = "<group>"; };
		1E40D3BB2FEBBF0400A78A91 /* DetailViewModel.swift */ = {isa = PBXFileReference; lastKnownFileType = sourcecode.swift; path = DetailViewModel.swift; sourceTree = "<group>"; };
		1E40D3BE2FEBC4DB00A78A91 /* UploadViewModel.swift */ = {isa = PBXFileReference; lastKnownFileType = sourcecode.swift; path = UploadViewModel.swift; sourceTree = "<group>"; };
		1E40D3C02FEBECBC00A78A91 /* SignInViewModel.swift */ = {isa = PBXFileReference; lastKnownFileType = sourcecode.swift; path = SignInViewModel.swift; sourceTree = "<group>"; };
		1E40D3C22FEBF03A00A78A91 /* SignUpViewModel.swift */ = {isa = PBXFileReference; lastKnownFileType = sourcecode.swift; path = SignUpViewModel.swift; sourceTree = "<group>"; };
		1E40D3CB2FED97D400A78A91 /* Config.xcconfig */ = {isa = PBXFileReference; lastKnownFileType = text.xcconfig; path = Config.xcconfig; sourceTree = "<group>"; };
		1E40D3CF2FED9B3000A78A91 /* Info.plist */ = {isa = PBXFileReference; lastKnownFileType = text.plist.xml; path = Info.plist; sourceTree = "<group>"; };
		1E468C972FF80A6D0098B6C2 /* UploadStep1View.swift */ = {isa = PBXFileReference; lastKnownFileType = sourcecode.swift; path = UploadStep1View.swift; sourceTree = "<group>"; };
		1E468C992FF80D200098B6C2 /* SuccessSheet.swift */ = {isa = PBXFileReference; lastKnownFileType = sourcecode.swift; path = SuccessSheet.swift; sourceTree = "<group>"; };
		1E468C9D2FF95D110098B6C2 /* BottomView.swift */ = {isa = PBXFileReference; lastKnownFileType = sourcecode.swift; path = BottomView.swift; sourceTree = "<group>"; };
		1E468C9F2FFD31170098B6C2 /* Localizable.xcstrings */ = {isa = PBXFileReference; lastKnownFileType = text.json.xcstrings; path = Localizable.xcstrings; sourceTree = "<group>"; };
		1E7A779C2FE68D1F00EE8C38 /* DetailView.swift */ = {isa = PBXFileReference; lastKnownFileType = sourcecode.swift; path = DetailView.swift; sourceTree = "<group>"; };
		1E7A77A02FE9639A00EE8C38 /* ProfileViewModel.swift */ = {isa = PBXFileReference; lastKnownFileType = sourcecode.swift; path = ProfileViewModel.swift; sourceTree = "<group>"; };
		1E7A77A32FE964CB00EE8C38 /* RecipeService.swift */ = {isa = PBXFileReference; lastKnownFileType = sourcecode.swift; path = RecipeService.swift; sourceTree = "<group>"; };
		1E7A77A52FE964D300EE8C38 /* UserService.swift */ = {isa = PBXFileReference; lastKnownFileType = sourcecode.swift; path = UserService.swift; sourceTree = "<group>"; };
		1E7A77A72FE9782000EE8C38 /* StorageService.swift */ = {isa = PBXFileReference; lastKnownFileType = sourcecode.swift; path = StorageService.swift; sourceTree = "<group>"; };
		1E7A77AB2FEACC8500EE8C38 /* HomeViewModel.swift */ = {isa = PBXFileReference; lastKnownFileType = sourcecode.swift; path = HomeViewModel.swift; sourceTree = "<group>"; };
		1E95D8D42F5F1834001760FE /* RecipeAppUI.app */ = {isa = PBXFileReference; explicitFileType = wrapper.application; includeInIndex = 0; path = RecipeAppUI.app; sourceTree = BUILT_PRODUCTS_DIR; };
		1E95D8EE2F6065FA001760FE /* Typography.swift */ = {isa = PBXFileReference; lastKnownFileType = sourcecode.swift; path = Typography.swift; sourceTree = "<group>"; };
		1E95D8F02F60676D001760FE /* AppButton.swift */ = {isa = PBXFileReference; lastKnownFileType = sourcecode.swift; path = AppButton.swift; sourceTree = "<group>"; };
		1EA69FC8300BD8B900E9E698 /* UserSession.swift */ = {isa = PBXFileReference; lastKnownFileType = sourcecode.swift; path = UserSession.swift; sourceTree = "<group>"; };
		1EA74C182FE542B00045FA4A /* UserModel.swift */ = {isa = PBXFileReference; lastKnownFileType = sourcecode.swift; path = UserModel.swift; sourceTree = "<group>"; };
		1EABB2E92F6FE6D400BE67B2 /* GoogleService-Info.plist */ = {isa = PBXFileReference; lastKnownFileType = text.plist.xml; path = "GoogleService-Info.plist"; sourceTree = "<group>"; };
		1EABB2F72F6FFF3F00BE67B2 /* AuthenticationManager.swift */ = {isa = PBXFileReference; lastKnownFileType = sourcecode.swift; path = AuthenticationManager.swift; sourceTree = "<group>"; };
		1EABB2FB2F71510E00BE67B2 /* UserCoordinator.swift */ = {isa = PBXFileReference; lastKnownFileType = sourcecode.swift; path = UserCoordinator.swift; sourceTree = "<group>"; };
		1EABB2FD2F752B4C00BE67B2 /* TabBarItem.swift */ = {isa = PBXFileReference; lastKnownFileType = sourcecode.swift; path = TabBarItem.swift; sourceTree = "<group>"; };
		1EABB2FF2F752C8B00BE67B2 /* Tabs.swift */ = {isa = PBXFileReference; lastKnownFileType = sourcecode.swift; path = Tabs.swift; sourceTree = "<group>"; };
		1EABB3012F75330300BE67B2 /* UploadView.swift */ = {isa = PBXFileReference; lastKnownFileType = sourcecode.swift; path = UploadView.swift; sourceTree = "<group>"; };
		1EABB3032F75330A00BE67B2 /* ProfileView.swift */ = {isa = PBXFileReference; lastKnownFileType = sourcecode.swift; path = ProfileView.swift; sourceTree = "<group>"; };
		1EABB3052F75331200BE67B2 /* HomeContentView.swift */ = {isa = PBXFileReference; lastKnownFileType = sourcecode.swift; path = HomeContentView.swift; sourceTree = "<group>"; };
		1EABB30A2F756BB500BE67B2 /* UploadStep2View.swift */ = {isa = PBXFileReference; lastKnownFileType = sourcecode.swift; path = UploadStep2View.swift; sourceTree = "<group>"; };
		1EABB30E2F78FC7500BE67B2 /* SplashView.swift */ = {isa = PBXFileReference; lastKnownFileType = sourcecode.swift; path = SplashView.swift; sourceTree = "<group>"; };
		1EABB3102F7A6F0300BE67B2 /* IngredientDropDelegate.swift */ = {isa = PBXFileReference; lastKnownFileType = sourcecode.swift; path = IngredientDropDelegate.swift; sourceTree = "<group>"; };
		1ECF65AE2F646CB000892B06 /* OnBoardingView.swift */ = {isa = PBXFileReference; lastKnownFileType = sourcecode.swift; path = OnBoardingView.swift; sourceTree = "<group>"; };
		1ECF65B02F646CB000892B06 /* SignInView.swift */ = {isa = PBXFileReference; lastKnownFileType = sourcecode.swift; path = SignInView.swift; sourceTree = "<group>"; };
		1ECF65B82F65A6E100892B06 /* AppTextField.swift */ = {isa = PBXFileReference; lastKnownFileType = sourcecode.swift; path = AppTextField.swift; sourceTree = "<group>"; };
		1ECF65BA2F66ED9300892B06 /* SearchField.swift */ = {isa = PBXFileReference; lastKnownFileType = sourcecode.swift; path = SearchField.swift; sourceTree = "<group>"; };
		1ECF65BC2F6AFAE700892B06 /* SignUpView.swift */ = {isa = PBXFileReference; lastKnownFileType = sourcecode.swift; path = SignUpView.swift; sourceTree = "<group>"; };
		1ECF65BF2F6C55DA00892B06 /* AppRoute.swift */ = {isa = PBXFileReference; lastKnownFileType = sourcecode.swift; path = AppRoute.swift; sourceTree = "<group>"; };
		1ECF65C12F6C57B800892B06 /* NavigatorCoordinator.swift */ = {isa = PBXFileReference; lastKnownFileType = sourcecode.swift; path = NavigatorCoordinator.swift; sourceTree = "<group>"; };
		1ECF65C32F6C6B4400892B06 /* RootView.swift */ = {isa = PBXFileReference; lastKnownFileType = sourcecode.swift; path = RootView.swift; sourceTree = "<group>"; };
		1ECF65C52F6C6C7100892B06 /* HomeView.swift */ = {isa = PBXFileReference; lastKnownFileType = sourcecode.swift; path = HomeView.swift; sourceTree = "<group>"; };
		1ED62D5C2FE1B1750095CFBA /* Supabase.swift */ = {isa = PBXFileReference; lastKnownFileType = sourcecode.swift; path = Supabase.swift; sourceTree = "<group>"; };
/* End PBXFileReference section */

/* Begin PBXFileSystemSynchronizedRootGroup section */
		1E468C952FF6ACA90098B6C2 /* Others */ = {
			isa = PBXFileSystemSynchronizedRootGroup;
			path = Others;
			sourceTree = "<group>";
		};
		1E468CA32FFD367F0098B6C2 /* Settings */ = {
			isa = PBXFileSystemSynchronizedRootGroup;
			path = Settings;
			sourceTree = "<group>";
		};
/* End PBXFileSystemSynchronizedRootGroup section */

/* Begin PBXFrameworksBuildPhase section */
		1E95D8D12F5F1834001760FE /* Frameworks */ = {
			isa = PBXFrameworksBuildPhase;
			buildActionMask = 2147483647;
			files = (
				1EABB3142F7A73BE00BE67B2 /* Lottie in Frameworks */,
				1EABB2ED2F6FED0100BE67B2 /* FirebaseAnalytics in Frameworks */,
				1EABB2F12F6FED0100BE67B2 /* FirebaseAuth in Frameworks */,
				1E40D3C92FED4B1300A78A91 /* Kingfisher in Frameworks */,
				1EABB2F32F6FED0100BE67B2 /* FirebaseCore in Frameworks */,
				1ED62D5F2FE1B27F0095CFBA /* Supabase in Frameworks */,
				1EABB3192F7EAAD500BE67B2 /* FirebaseStorage in Frameworks */,
				1EABB2EF2F6FED0100BE67B2 /* FirebaseAnalyticsCore in Frameworks */,
				1EABB3172F7EAAC800BE67B2 /* FirebaseFirestore in Frameworks */,
			);
			runOnlyForDeploymentPostprocessing = 0;
		};
/* End PBXFrameworksBuildPhase section */

/* Begin PBXGroup section */
		1E40D3BA2FEBBEE700A78A91 /* recipeDetail */ = {
			isa = PBXGroup;
			children = (
				1E7A779C2FE68D1F00EE8C38 /* DetailView.swift */,
				1E40D3BB2FEBBF0400A78A91 /* DetailViewModel.swift */,
			);
			path = recipeDetail;
			sourceTree = "<group>";
		};
		1E40D3BD2FEBC44400A78A91 /* homeView */ = {
			isa = PBXGroup;
			children = (
				1EABB3052F75331200BE67B2 /* HomeContentView.swift */,
				1E7A77AB2FEACC8500EE8C38 /* HomeViewModel.swift */,
			);
			path = homeView;
			sourceTree = "<group>";
		};
		1E40D3C42FEBF2C600A78A91 /* signUp */ = {
			isa = PBXGroup;
			children = (
				1ECF65BC2F6AFAE700892B06 /* SignUpView.swift */,
				1E40D3C22FEBF03A00A78A91 /* SignUpViewModel.swift */,
			);
			path = signUp;
			sourceTree = "<group>";
		};
		1E40D3C52FEBF2D800A78A91 /* signIn */ = {
			isa = PBXGroup;
			children = (
				1E40D3C02FEBECBC00A78A91 /* SignInViewModel.swift */,
				1ECF65B02F646CB000892B06 /* SignInView.swift */,
			);
			path = signIn;
			sourceTree = "<group>";
		};
		1E40D3C62FEBF61800A78A91 /* Shared */ = {
			isa = PBXGroup;
			children = (
				1E20417A2FDE9844006F64F3 /* RecipeCardView.swift */,
				1E20417C2FE0504E006F64F3 /* RecipeFetcher.swift */,
				1EA69FC8300BD8B900E9E698 /* UserSession.swift */,
			);
			path = Shared;
			sourceTree = "<group>";
		};
		1E7A77A22FE9649600EE8C38 /* Services */ = {
			isa = PBXGroup;
			children = (
				1E7A77A32FE964CB00EE8C38 /* RecipeService.swift */,
				1ED62D5C2FE1B1750095CFBA /* Supabase.swift */,
				1E7A77A52FE964D300EE8C38 /* UserService.swift */,
				1E7A77A72FE9782000EE8C38 /* StorageService.swift */,
			);
			path = Services;
			sourceTree = "<group>";
		};
		1E7A77AD2FEAD80300EE8C38 /* profile */ = {
			isa = PBXGroup;
			children = (
				1E7A77A02FE9639A00EE8C38 /* ProfileViewModel.swift */,
				1EABB3032F75330A00BE67B2 /* ProfileView.swift */,
			);
			path = profile;
			sourceTree = "<group>";
		};
		1E95D8CB2F5F1834001760FE = {
			isa = PBXGroup;
			children = (
				1E40D3CB2FED97D400A78A91 /* Config.xcconfig */,
				1ECF65B12F646CB000892B06 /* RecipeAppUI */,
				1EABB3152F7EAAC800BE67B2 /* Frameworks */,
				1E95D8D52F5F1834001760FE /* Products */,
			);
			sourceTree = "<group>";
		};
		1E95D8D52F5F1834001760FE /* Products */ = {
			isa = PBXGroup;
			children = (
				1E95D8D42F5F1834001760FE /* RecipeAppUI.app */,
			);
			name = Products;
			sourceTree = "<group>";
		};
		1E95D8E92F5F36E3001760FE /* designsystem */ = {
			isa = PBXGroup;
			children = (
				1E95D8EB2F5F36F0001760FE /* components */,
				1E95D8EA2F5F36EA001760FE /* foundation */,
			);
			path = designsystem;
			sourceTree = "<group>";
		};
		1E95D8EA2F5F36EA001760FE /* foundation */ = {
			isa = PBXGroup;
			children = (
				1E95D8EE2F6065FA001760FE /* Typography.swift */,
				1EABB2FF2F752C8B00BE67B2 /* Tabs.swift */,
			);
			path = foundation;
			sourceTree = "<group>";
		};
		1E95D8EB2F5F36F0001760FE /* components */ = {
			isa = PBXGroup;
			children = (
				1E95D8F02F60676D001760FE /* AppButton.swift */,
				1ECF65B82F65A6E100892B06 /* AppTextField.swift */,
				1E468C9D2FF95D110098B6C2 /* BottomView.swift */,
				1E468C992FF80D200098B6C2 /* SuccessSheet.swift */,
				1ECF65BA2F66ED9300892B06 /* SearchField.swift */,
				1EABB2FD2F752B4C00BE67B2 /* TabBarItem.swift */,
			);
			path = components;
			sourceTree = "<group>";
		};
		1EA74C1A2FE542B80045FA4A /* Model */ = {
			isa = PBXGroup;
			children = (
				1EA74C182FE542B00045FA4A /* UserModel.swift */,
				1E2041782FDD800D006F64F3 /* RecipeModel.swift */,
			);
			path = Model;
			sourceTree = "<group>";
		};
		1EABB2E72F6EC71400BE67B2 /* View */ = {
			isa = PBXGroup;
			children = (
				1E468CA32FFD367F0098B6C2 /* Settings */,
				1ECF65C52F6C6C7100892B06 /* HomeView.swift */,
				1E40D3C62FEBF61800A78A91 /* Shared */,
				1EABB3072F756B5A00BE67B2 /* UploadView */,
				1E40D3BD2FEBC44400A78A91 /* homeView */,
				1E40D3BA2FEBBEE700A78A91 /* recipeDetail */,
				1E7A77AD2FEAD80300EE8C38 /* profile */,
				1EABB30D2F78FC6F00BE67B2 /* Splash */,
				1EABB2F62F6FFF1300BE67B2 /* Authentication */,
				1ECF65AE2F646CB000892B06 /* OnBoardingView.swift */,
				1EABB3102F7A6F0300BE67B2 /* IngredientDropDelegate.swift */,
			);
			path = View;
			sourceTree = "<group>";
		};
		1EABB2F62F6FFF1300BE67B2 /* Authentication */ = {
			isa = PBXGroup;
			children = (
				1E40D3C52FEBF2D800A78A91 /* signIn */,
				1E40D3C42FEBF2C600A78A91 /* signUp */,
				1EABB2F72F6FFF3F00BE67B2 /* AuthenticationManager.swift */,
			);
			path = Authentication;
			sourceTree = "<group>";
		};
		1EABB2F92F7150F600BE67B2 /* Coordinators */ = {
			isa = PBXGroup;
			children = (
				1EABB2FB2F71510E00BE67B2 /* UserCoordinator.swift */,
				1ECF65C12F6C57B800892B06 /* NavigatorCoordinator.swift */,
			);
			path = Coordinators;
			sourceTree = "<group>";
		};
		1EABB3072F756B5A00BE67B2 /* UploadView */ = {
			isa = PBXGroup;
			children = (
				1EABB3012F75330300BE67B2 /* UploadView.swift */,
				1E468C972FF80A6D0098B6C2 /* UploadStep1View.swift */,
				1E40D3BE2FEBC4DB00A78A91 /* UploadViewModel.swift */,
				1EABB30A2F756BB500BE67B2 /* UploadStep2View.swift */,
			);
			path = UploadView;
			sourceTree = "<group>";
		};
		1EABB30D2F78FC6F00BE67B2 /* Splash */ = {
			isa = PBXGroup;
			children = (
				1EABB30E2F78FC7500BE67B2 /* SplashView.swift */,
			);
			path = Splash;
			sourceTree = "<group>";
		};
		1EABB3152F7EAAC800BE67B2 /* Frameworks */ = {
			isa = PBXGroup;
			children = (
				1EABB2E92F6FE6D400BE67B2 /* GoogleService-Info.plist */,
			);
			name = Frameworks;
			sourceTree = "<group>";
		};
		1ECF65B12F646CB000892B06 /* RecipeAppUI */ = {
			isa = PBXGroup;
			children = (
				1E40D3CF2FED9B3000A78A91 /* Info.plist */,
				1E468C952FF6ACA90098B6C2 /* Others */,
				1E7A77A22FE9649600EE8C38 /* Services */,
				1EABB2F92F7150F600BE67B2 /* Coordinators */,
				1EA74C1A2FE542B80045FA4A /* Model */,
				1EABB2E72F6EC71400BE67B2 /* View */,
				1ECF65BE2F6C55C900892B06 /* Navigation */,
				1E95D8E92F5F36E3001760FE /* designsystem */,
				1E468C9F2FFD31170098B6C2 /* Localizable.xcstrings */,
			);
			path = RecipeAppUI;
			sourceTree = "<group>";
		};
		1ECF65BE2F6C55C900892B06 /* Navigation */ = {
			isa = PBXGroup;
			children = (
				1ECF65BF2F6C55DA00892B06 /* AppRoute.swift */,
				1ECF65C32F6C6B4400892B06 /* RootView.swift */,
			);
			path = Navigation;
			sourceTree = "<group>";
		};
/* End PBXGroup section */

/* Begin PBXNativeTarget section */
		1E95D8D32F5F1834001760FE /* RecipeAppUI */ = {
			isa = PBXNativeTarget;
			buildConfigurationList = 1E95D8DF2F5F1836001760FE /* Build configuration list for PBXNativeTarget "RecipeAppUI" */;
			buildPhases = (
				1E95D8D02F5F1834001760FE /* Sources */,
				1E95D8D12F5F1834001760FE /* Frameworks */,
				1E95D8D22F5F1834001760FE /* Resources */,
			);
			buildRules = (
			);
			dependencies = (
			);
			fileSystemSynchronizedGroups = (
				1E468C952FF6ACA90098B6C2 /* Others */,
				1E468CA32FFD367F0098B6C2 /* Settings */,
			);
			name = RecipeAppUI;
			packageProductDependencies = (
				1EABB2EC2F6FED0100BE67B2 /* FirebaseAnalytics */,
				1EABB2EE2F6FED0100BE67B2 /* FirebaseAnalyticsCore */,
				1EABB2F02F6FED0100BE67B2 /* FirebaseAuth */,
				1EABB2F22F6FED0100BE67B2 /* FirebaseCore */,
				1EABB3132F7A73BE00BE67B2 /* Lottie */,
				1EABB3162F7EAAC800BE67B2 /* FirebaseFirestore */,
				1EABB3182F7EAAD500BE67B2 /* FirebaseStorage */,
				1ED62D5E2FE1B27F0095CFBA /* Supabase */,
				1E40D3C82FED4B1300A78A91 /* Kingfisher */,
			);
			productName = RecipeAppUI;
			productReference = 1E95D8D42F5F1834001760FE /* RecipeAppUI.app */;
			productType = "com.apple.product-type.application";
		};
/* End PBXNativeTarget section */

/* Begin PBXProject section */
		1E95D8CC2F5F1834001760FE /* Project object */ = {
			isa = PBXProject;
			attributes = {
				BuildIndependentTargetsInParallel = 1;
				LastSwiftUpdateCheck = 2620;
				LastUpgradeCheck = 2620;
				TargetAttributes = {
					1E95D8D32F5F1834001760FE = {
						CreatedOnToolsVersion = 26.2;
					};
				};
			};
			buildConfigurationList = 1E95D8CF2F5F1834001760FE /* Build configuration list for PBXProject "RecipeAppUI" */;
			developmentRegion = en;
			hasScannedForEncodings = 0;
			knownRegions = (
				en,
				Base,
				tr,
				ru,
				az,
			);
			mainGroup = 1E95D8CB2F5F1834001760FE;
			minimizedProjectReferenceProxies = 1;
			packageReferences = (
				1EABB2EB2F6FED0100BE67B2 /* XCRemoteSwiftPackageReference "firebase-ios-sdk" */,
				1EABB3122F7A73BE00BE67B2 /* XCRemoteSwiftPackageReference "lottie-spm" */,
				1ED62D5B2FE1B1660095CFBA /* XCRemoteSwiftPackageReference "supabase-swift" */,
				1E40D3C72FED4B1300A78A91 /* XCRemoteSwiftPackageReference "Kingfisher" */,
			);
			preferredProjectObjectVersion = 77;
			productRefGroup = 1E95D8D52F5F1834001760FE /* Products */;
			projectDirPath = "";
			projectRoot = "";
			targets = (
				1E95D8D32F5F1834001760FE /* RecipeAppUI */,
			);
		};
/* End PBXProject section */

/* Begin PBXResourcesBuildPhase section */
		1E95D8D22F5F1834001760FE /* Resources */ = {
			isa = PBXResourcesBuildPhase;
			buildActionMask = 2147483647;
			files = (
				1E40D3CC2FED97D400A78A91 /* Config.xcconfig in Resources */,
				1E468CA02FFD31170098B6C2 /* Localizable.xcstrings in Resources */,
				1EABB2EA2F6FE6D400BE67B2 /* GoogleService-Info.plist in Resources */,
			);
			runOnlyForDeploymentPostprocessing = 0;
		};
/* End PBXResourcesBuildPhase section */

/* Begin PBXSourcesBuildPhase section */
		1E95D8D02F5F1834001760FE /* Sources */ = {
			isa = PBXSourcesBuildPhase;
			buildActionMask = 2147483647;
			files = (
				1ECF65C22F6C57B800892B06 /* NavigatorCoordinator.swift in Sources */,
				1E40D3BF2FEBC4DB00A78A91 /* UploadViewModel.swift in Sources */,
				1EABB30F2F78FC7800BE67B2 /* SplashView.swift in Sources */,
				1ECF65B32F646CB000892B06 /* SignInView.swift in Sources */,
				1EABB3002F752C8B00BE67B2 /* Tabs.swift in Sources */,
				1E7A779D2FE68D1F00EE8C38 /* DetailView.swift in Sources */,
				1EA69FC9300BD8B900E9E698 /* UserSession.swift in Sources */,
				1E2041792FDD800D006F64F3 /* RecipeModel.swift in Sources */,
				1EABB3062F75331200BE67B2 /* HomeContentView.swift in Sources */,
				1ECF65C62F6C6C7100892B06 /* HomeView.swift in Sources */,
				1ECF65B62F646CB000892B06 /* OnBoardingView.swift in Sources */,
				1EABB2FE2F752B4C00BE67B2 /* TabBarItem.swift in Sources */,
				1E20417D2FE0504E006F64F3 /* RecipeFetcher.swift in Sources */,
				1ECF65B92F65A6E100892B06 /* AppTextField.swift in Sources */,
				1E7A77A42FE964CB00EE8C38 /* RecipeService.swift in Sources */,
				1ED62D5D2FE1B1760095CFBA /* Supabase.swift in Sources */,
				1E40D3BC2FEBBF0400A78A91 /* DetailViewModel.swift in Sources */,
				1EABB3112F7A6F0300BE67B2 /* IngredientDropDelegate.swift in Sources */,
				1E7A77AC2FEACC8500EE8C38 /* HomeViewModel.swift in Sources */,
				1EABB3022F75330300BE67B2 /* UploadView.swift in Sources */,
				1E95D8EF2F6065FA001760FE /* Typography.swift in Sources */,
				1E40D3C12FEBECBC00A78A91 /* SignInViewModel.swift in Sources */,
				1ECF65BB2F66ED9300892B06 /* SearchField.swift in Sources */,
				1E40D3C32FEBF03B00A78A91 /* SignUpViewModel.swift in Sources */,
				1EABB2FC2F71511300BE67B2 /* UserCoordinator.swift in Sources */,
				1EABB2F82F6FFF3F00BE67B2 /* AuthenticationManager.swift in Sources */,
				1ECF65C42F6C6B4400892B06 /* RootView.swift in Sources */,
				1E468C982FF80A6D0098B6C2 /* UploadStep1View.swift in Sources */,
				1ECF65BD2F6AFAE700892B06 /* SignUpView.swift in Sources */,
				1EA74C192FE542B00045FA4A /* UserModel.swift in Sources */,
				1E7A77A12FE9639A00EE8C38 /* ProfileViewModel.swift in Sources */,
				1E468C9E2FF95D110098B6C2 /* BottomView.swift in Sources */,
				1EABB3042F75330A00BE67B2 /* ProfileView.swift in Sources */,
				1E20417B2FDE9844006F64F3 /* RecipeCardView.swift in Sources */,
				1E7A77A62FE964D300EE8C38 /* UserService.swift in Sources */,
				1E95D8F12F60676D001760FE /* AppButton.swift in Sources */,
				1ECF65C02F6C55DA00892B06 /* AppRoute.swift in Sources */,
				1E7A77A82FE9782000EE8C38 /* StorageService.swift in Sources */,
				1EABB30B2F756BB500BE67B2 /* UploadStep2View.swift in Sources */,
				1E468C9A2FF80D200098B6C2 /* SuccessSheet.swift in Sources */,
			);
			runOnlyForDeploymentPostprocessing = 0;
		};
/* End PBXSourcesBuildPhase section */

/* Begin XCBuildConfiguration section */
		1E95D8DD2F5F1836001760FE /* Debug */ = {
			isa = XCBuildConfiguration;
			baseConfigurationReference = 1E40D3CB2FED97D400A78A91 /* Config.xcconfig */;
			buildSettings = {
				ALWAYS_SEARCH_USER_PATHS = NO;
				ASSETCATALOG_COMPILER_GENERATE_SWIFT_ASSET_SYMBOL_EXTENSIONS = YES;
				CLANG_ANALYZER_NONNULL = YES;
				CLANG_ANALYZER_NUMBER_OBJECT_CONVERSION = YES_AGGRESSIVE;
				CLANG_CXX_LANGUAGE_STANDARD = "gnu++20";
				CLANG_ENABLE_MODULES = YES;
				CLANG_ENABLE_OBJC_ARC = YES;
				CLANG_ENABLE_OBJC_WEAK = YES;
				CLANG_WARN_BLOCK_CAPTURE_AUTORELEASING = YES;
				CLANG_WARN_BOOL_CONVERSION = YES;
				CLANG_WARN_COMMA = YES;
				CLANG_WARN_CONSTANT_CONVERSION = YES;
				CLANG_WARN_DEPRECATED_OBJC_IMPLEMENTATIONS = YES;
				CLANG_WARN_DIRECT_OBJC_ISA_USAGE = YES_ERROR;
				CLANG_WARN_DOCUMENTATION_COMMENTS = YES;
				CLANG_WARN_EMPTY_BODY = YES;
				CLANG_WARN_ENUM_CONVERSION = YES;
				CLANG_WARN_INFINITE_RECURSION = YES;
				CLANG_WARN_INT_CONVERSION = YES;
				CLANG_WARN_NON_LITERAL_NULL_CONVERSION = YES;
				CLANG_WARN_OBJC_IMPLICIT_RETAIN_SELF = YES;
				CLANG_WARN_OBJC_LITERAL_CONVERSION = YES;
				CLANG_WARN_OBJC_ROOT_CLASS = YES_ERROR;
				CLANG_WARN_QUOTED_INCLUDE_IN_FRAMEWORK_HEADER = YES;
				CLANG_WARN_RANGE_LOOP_ANALYSIS = YES;
				CLANG_WARN_STRICT_PROTOTYPES = YES;
				CLANG_WARN_SUSPICIOUS_MOVE = YES;
				CLANG_WARN_UNGUARDED_AVAILABILITY = YES_AGGRESSIVE;
				CLANG_WARN_UNREACHABLE_CODE = YES;
				CLANG_WARN__DUPLICATE_METHOD_MATCH = YES;
				COPY_PHASE_STRIP = NO;
				DEBUG_INFORMATION_FORMAT = dwarf;
				ENABLE_STRICT_OBJC_MSGSEND = YES;
				ENABLE_TESTABILITY = YES;
				ENABLE_USER_SCRIPT_SANDBOXING = YES;
				GCC_C_LANGUAGE_STANDARD = gnu17;
				GCC_DYNAMIC_NO_PIC = NO;
				GCC_NO_COMMON_BLOCKS = YES;
				GCC_OPTIMIZATION_LEVEL = 0;
				GCC_PREPROCESSOR_DEFINITIONS = (
					"DEBUG=1",
					"$(inherited)",
				);
				GCC_WARN_64_TO_32_BIT_CONVERSION = YES;
				GCC_WARN_ABOUT_RETURN_TYPE = YES_ERROR;
				GCC_WARN_UNDECLARED_SELECTOR = YES;
				GCC_WARN_UNINITIALIZED_AUTOS = YES_AGGRESSIVE;
				GCC_WARN_UNUSED_FUNCTION = YES;
				GCC_WARN_UNUSED_VARIABLE = YES;
				LOCALIZATION_PREFERS_STRING_CATALOGS = YES;
				MTL_ENABLE_DEBUG_INFO = INCLUDE_SOURCE;
				MTL_FAST_MATH = YES;
				ONLY_ACTIVE_ARCH = YES;
				SUPABASE_KEY = "";
				SUPABASE_URL = "";
				SWIFT_ACTIVE_COMPILATION_CONDITIONS = "DEBUG $(inherited)";
				SWIFT_EMIT_LOC_STRINGS = YES;
				SWIFT_OPTIMIZATION_LEVEL = "-Onone";
			};
			name = Debug;
		};
		1E95D8DE2F5F1836001760FE /* Release */ = {
			isa = XCBuildConfiguration;
			baseConfigurationReference = 1E40D3CB2FED97D400A78A91 /* Config.xcconfig */;
			buildSettings = {
				ALWAYS_SEARCH_USER_PATHS = NO;
				ASSETCATALOG_COMPILER_GENERATE_SWIFT_ASSET_SYMBOL_EXTENSIONS = YES;
				CLANG_ANALYZER_NONNULL = YES;
				CLANG_ANALYZER_NUMBER_OBJECT_CONVERSION = YES_AGGRESSIVE;
				CLANG_CXX_LANGUAGE_STANDARD = "gnu++20";
				CLANG_ENABLE_MODULES = YES;
				CLANG_ENABLE_OBJC_ARC = YES;
				CLANG_ENABLE_OBJC_WEAK = YES;
				CLANG_WARN_BLOCK_CAPTURE_AUTORELEASING = YES;
				CLANG_WARN_BOOL_CONVERSION = YES;
				CLANG_WARN_COMMA = YES;
				CLANG_WARN_CONSTANT_CONVERSION = YES;
				CLANG_WARN_DEPRECATED_OBJC_IMPLEMENTATIONS = YES;
				CLANG_WARN_DIRECT_OBJC_ISA_USAGE = YES_ERROR;
				CLANG_WARN_DOCUMENTATION_COMMENTS = YES;
				CLANG_WARN_EMPTY_BODY = YES;
				CLANG_WARN_ENUM_CONVERSION = YES;
				CLANG_WARN_INFINITE_RECURSION = YES;
				CLANG_WARN_INT_CONVERSION = YES;
				CLANG_WARN_NON_LITERAL_NULL_CONVERSION = YES;
				CLANG_WARN_OBJC_IMPLICIT_RETAIN_SELF = YES;
				CLANG_WARN_OBJC_LITERAL_CONVERSION = YES;
				CLANG_WARN_OBJC_ROOT_CLASS = YES_ERROR;
				CLANG_WARN_QUOTED_INCLUDE_IN_FRAMEWORK_HEADER = YES;
				CLANG_WARN_RANGE_LOOP_ANALYSIS = YES;
				CLANG_WARN_STRICT_PROTOTYPES = YES;
				CLANG_WARN_SUSPICIOUS_MOVE = YES;
				CLANG_WARN_UNGUARDED_AVAILABILITY = YES_AGGRESSIVE;
				CLANG_WARN_UNREACHABLE_CODE = YES;
				CLANG_WARN__DUPLICATE_METHOD_MATCH = YES;
				COPY_PHASE_STRIP = NO;
				DEBUG_INFORMATION_FORMAT = "dwarf-with-dsym";
				ENABLE_NS_ASSERTIONS = NO;
				ENABLE_STRICT_OBJC_MSGSEND = YES;
				ENABLE_USER_SCRIPT_SANDBOXING = YES;
				GCC_C_LANGUAGE_STANDARD = gnu17;
				GCC_NO_COMMON_BLOCKS = YES;
				GCC_WARN_64_TO_32_BIT_CONVERSION = YES;
				GCC_WARN_ABOUT_RETURN_TYPE = YES_ERROR;
				GCC_WARN_UNDECLARED_SELECTOR = YES;
				GCC_WARN_UNINITIALIZED_AUTOS = YES_AGGRESSIVE;
				GCC_WARN_UNUSED_FUNCTION = YES;
				GCC_WARN_UNUSED_VARIABLE = YES;
				LOCALIZATION_PREFERS_STRING_CATALOGS = YES;
				MTL_ENABLE_DEBUG_INFO = NO;
				MTL_FAST_MATH = YES;
				SUPABASE_KEY = "";
				SUPABASE_URL = "";
				SWIFT_COMPILATION_MODE = wholemodule;
				SWIFT_EMIT_LOC_STRINGS = YES;
			};
			name = Release;
		};
		1E95D8E02F5F1836001760FE /* Debug */ = {
			isa = XCBuildConfiguration;
			baseConfigurationReference = 1E40D3CB2FED97D400A78A91 /* Config.xcconfig */;
			buildSettings = {
				ASSETCATALOG_COMPILER_APPICON_NAME = AppIcon;
				ASSETCATALOG_COMPILER_GLOBAL_ACCENT_COLOR_NAME = AccentColor;
				CODE_SIGN_STYLE = Automatic;
				CURRENT_PROJECT_VERSION = 1;
				ENABLE_APP_SANDBOX = YES;
				ENABLE_PREVIEWS = YES;
				ENABLE_USER_SELECTED_FILES = readonly;
				GENERATE_INFOPLIST_FILE = YES;
				INFOPLIST_FILE = RecipeAppUI/Info.plist;
				"INFOPLIST_KEY_UIApplicationSceneManifest_Generation[sdk=iphoneos*]" = YES;
				"INFOPLIST_KEY_UIApplicationSceneManifest_Generation[sdk=iphonesimulator*]" = YES;
				"INFOPLIST_KEY_UIApplicationSupportsIndirectInputEvents[sdk=iphoneos*]" = YES;
				"INFOPLIST_KEY_UIApplicationSupportsIndirectInputEvents[sdk=iphonesimulator*]" = YES;
				"INFOPLIST_KEY_UILaunchScreen_Generation[sdk=iphoneos*]" = YES;
				"INFOPLIST_KEY_UILaunchScreen_Generation[sdk=iphonesimulator*]" = YES;
				"INFOPLIST_KEY_UIStatusBarStyle[sdk=iphoneos*]" = UIStatusBarStyleDefault;
				"INFOPLIST_KEY_UIStatusBarStyle[sdk=iphonesimulator*]" = UIStatusBarStyleDefault;
				INFOPLIST_KEY_UISupportedInterfaceOrientations_iPad = "UIInterfaceOrientationPortrait UIInterfaceOrientationPortraitUpsideDown UIInterfaceOrientationLandscapeLeft UIInterfaceOrientationLandscapeRight";
				INFOPLIST_KEY_UISupportedInterfaceOrientations_iPhone = "UIInterfaceOrientationPortrait UIInterfaceOrientationLandscapeLeft UIInterfaceOrientationLandscapeRight";
				IPHONEOS_DEPLOYMENT_TARGET = 26.2;
				LD_RUNPATH_SEARCH_PATHS = "@executable_path/Frameworks";
				"LD_RUNPATH_SEARCH_PATHS[sdk=macosx*]" = "@executable_path/../Frameworks";
				MACOSX_DEPLOYMENT_TARGET = 26.2;
				MARKETING_VERSION = 1.0;
				NEW_SETTING = "";
				PRODUCT_BUNDLE_IDENTIFIER = com.elyura.RecipeAppUI;
				PRODUCT_NAME = "$(TARGET_NAME)";
				REGISTER_APP_GROUPS = YES;
				SDKROOT = auto;
				STRING_CATALOG_GENERATE_SYMBOLS = YES;
				SUPABASE_KEY = "$(SUPABASE_KEY)";
				SUPABASE_URL = "$(SUPABASE_URL)";
				SUPPORTED_PLATFORMS = "iphoneos iphonesimulator macosx xros xrsimulator";
				SWIFT_APPROACHABLE_CONCURRENCY = YES;
				SWIFT_DEFAULT_ACTOR_ISOLATION = MainActor;
				SWIFT_EMIT_LOC_STRINGS = YES;
				SWIFT_UPCOMING_FEATURE_MEMBER_IMPORT_VISIBILITY = YES;
				SWIFT_VERSION = 5.0;
				TARGETED_DEVICE_FAMILY = "1,2,7";
				XROS_DEPLOYMENT_TARGET = 26.2;
			};
			name = Debug;
		};
		1E95D8E12F5F1836001760FE /* Release */ = {
			isa = XCBuildConfiguration;
			baseConfigurationReference = 1E40D3CB2FED97D400A78A91 /* Config.xcconfig */;
			buildSettings = {
				ASSETCATALOG_COMPILER_APPICON_NAME = AppIcon;
				ASSETCATALOG_COMPILER_GLOBAL_ACCENT_COLOR_NAME = AccentColor;
				CODE_SIGN_STYLE = Automatic;
				CURRENT_PROJECT_VERSION = 1;
				ENABLE_APP_SANDBOX = YES;
				ENABLE_PREVIEWS = YES;
				ENABLE_USER_SELECTED_FILES = readonly;
				GENERATE_INFOPLIST_FILE = YES;
				INFOPLIST_FILE = RecipeAppUI/Info.plist;
				"INFOPLIST_KEY_UIApplicationSceneManifest_Generation[sdk=iphoneos*]" = YES;
				"INFOPLIST_KEY_UIApplicationSceneManifest_Generation[sdk=iphonesimulator*]" = YES;
				"INFOPLIST_KEY_UIApplicationSupportsIndirectInputEvents[sdk=iphoneos*]" = YES;
				"INFOPLIST_KEY_UIApplicationSupportsIndirectInputEvents[sdk=iphonesimulator*]" = YES;
				"INFOPLIST_KEY_UILaunchScreen_Generation[sdk=iphoneos*]" = YES;
				"INFOPLIST_KEY_UILaunchScreen_Generation[sdk=iphonesimulator*]" = YES;
				"INFOPLIST_KEY_UIStatusBarStyle[sdk=iphoneos*]" = UIStatusBarStyleDefault;
				"INFOPLIST_KEY_UIStatusBarStyle[sdk=iphonesimulator*]" = UIStatusBarStyleDefault;
				INFOPLIST_KEY_UISupportedInterfaceOrientations_iPad = "UIInterfaceOrientationPortrait UIInterfaceOrientationPortraitUpsideDown UIInterfaceOrientationLandscapeLeft UIInterfaceOrientationLandscapeRight";
				INFOPLIST_KEY_UISupportedInterfaceOrientations_iPhone = "UIInterfaceOrientationPortrait UIInterfaceOrientationLandscapeLeft UIInterfaceOrientationLandscapeRight";
				IPHONEOS_DEPLOYMENT_TARGET = 26.2;
				LD_RUNPATH_SEARCH_PATHS = "@executable_path/Frameworks";
				"LD_RUNPATH_SEARCH_PATHS[sdk=macosx*]" = "@executable_path/../Frameworks";
				MACOSX_DEPLOYMENT_TARGET = 26.2;
				MARKETING_VERSION = 1.0;
				NEW_SETTING = "";
				PRODUCT_BUNDLE_IDENTIFIER = com.elyura.RecipeAppUI;
				PRODUCT_NAME = "$(TARGET_NAME)";
				REGISTER_APP_GROUPS = YES;
				SDKROOT = auto;
				STRING_CATALOG_GENERATE_SYMBOLS = YES;
				SUPABASE_KEY = "$(SUPABASE_KEY)";
				SUPABASE_URL = "$(SUPABASE_URL)";
				SUPPORTED_PLATFORMS = "iphoneos iphonesimulator macosx xros xrsimulator";
				SWIFT_APPROACHABLE_CONCURRENCY = YES;
				SWIFT_DEFAULT_ACTOR_ISOLATION = MainActor;
				SWIFT_EMIT_LOC_STRINGS = YES;
				SWIFT_UPCOMING_FEATURE_MEMBER_IMPORT_VISIBILITY = YES;
				SWIFT_VERSION = 5.0;
				TARGETED_DEVICE_FAMILY = "1,2,7";
				XROS_DEPLOYMENT_TARGET = 26.2;
			};
			name = Release;
		};
/* End XCBuildConfiguration section */

/* Begin XCConfigurationList section */
		1E95D8CF2F5F1834001760FE /* Build configuration list for PBXProject "RecipeAppUI" */ = {
			isa = XCConfigurationList;
			buildConfigurations = (
				1E95D8DD2F5F1836001760FE /* Debug */,
				1E95D8DE2F5F1836001760FE /* Release */,
			);
			defaultConfigurationIsVisible = 0;
			defaultConfigurationName = Release;
		};
		1E95D8DF2F5F1836001760FE /* Build configuration list for PBXNativeTarget "RecipeAppUI" */ = {
			isa = XCConfigurationList;
			buildConfigurations = (
				1E95D8E02F5F1836001760FE /* Debug */,
				1E95D8E12F5F1836001760FE /* Release */,
			);
			defaultConfigurationIsVisible = 0;
			defaultConfigurationName = Release;
		};
/* End XCConfigurationList section */

/* Begin XCRemoteSwiftPackageReference section */
		1E40D3C72FED4B1300A78A91 /* XCRemoteSwiftPackageReference "Kingfisher" */ = {
			isa = XCRemoteSwiftPackageReference;
			repositoryURL = "https://github.com/onevcat/Kingfisher.git";
			requirement = {
				kind = upToNextMajorVersion;
				minimumVersion = 8.10.0;
			};
		};
		1EABB2EB2F6FED0100BE67B2 /* XCRemoteSwiftPackageReference "firebase-ios-sdk" */ = {
			isa = XCRemoteSwiftPackageReference;
			repositoryURL = "https://github.com/firebase/firebase-ios-sdk.git";
			requirement = {
				kind = upToNextMajorVersion;
				minimumVersion = 12.11.0;
			};
		};
		1EABB3122F7A73BE00BE67B2 /* XCRemoteSwiftPackageReference "lottie-spm" */ = {
			isa = XCRemoteSwiftPackageReference;
			repositoryURL = "https://github.com/airbnb/lottie-spm";
			requirement = {
				kind = upToNextMajorVersion;
				minimumVersion = 4.6.0;
			};
		};
		1ED62D5B2FE1B1660095CFBA /* XCRemoteSwiftPackageReference "supabase-swift" */ = {
			isa = XCRemoteSwiftPackageReference;
			repositoryURL = "https://github.com/supabase-community/supabase-swift";
			requirement = {
				kind = upToNextMajorVersion;
				minimumVersion = 2.5.1;
			};
		};
/* End XCRemoteSwiftPackageReference section */

/* Begin XCSwiftPackageProductDependency section */
		1E40D3C82FED4B1300A78A91 /* Kingfisher */ = {
			isa = XCSwiftPackageProductDependency;
			package = 1E40D3C72FED4B1300A78A91 /* XCRemoteSwiftPackageReference "Kingfisher" */;
			productName = Kingfisher;
		};
		1EABB2EC2F6FED0100BE67B2 /* FirebaseAnalytics */ = {
			isa = XCSwiftPackageProductDependency;
			package = 1EABB2EB2F6FED0100BE67B2 /* XCRemoteSwiftPackageReference "firebase-ios-sdk" */;
			productName = FirebaseAnalytics;
		};
		1EABB2EE2F6FED0100BE67B2 /* FirebaseAnalyticsCore */ = {
			isa = XCSwiftPackageProductDependency;
			package = 1EABB2EB2F6FED0100BE67B2 /* XCRemoteSwiftPackageReference "firebase-ios-sdk" */;
			productName = FirebaseAnalyticsCore;
		};
		1EABB2F02F6FED0100BE67B2 /* FirebaseAuth */ = {
			isa = XCSwiftPackageProductDependency;
			package = 1EABB2EB2F6FED0100BE67B2 /* XCRemoteSwiftPackageReference "firebase-ios-sdk" */;
			productName = FirebaseAuth;
		};
		1EABB2F22F6FED0100BE67B2 /* FirebaseCore */ = {
			isa = XCSwiftPackageProductDependency;
			package = 1EABB2EB2F6FED0100BE67B2 /* XCRemoteSwiftPackageReference "firebase-ios-sdk" */;
			productName = FirebaseCore;
		};
		1EABB3132F7A73BE00BE67B2 /* Lottie */ = {
			isa = XCSwiftPackageProductDependency;
			package = 1EABB3122F7A73BE00BE67B2 /* XCRemoteSwiftPackageReference "lottie-spm" */;
			productName = Lottie;
		};
		1EABB3162F7EAAC800BE67B2 /* FirebaseFirestore */ = {
			isa = XCSwiftPackageProductDependency;
			package = 1EABB2EB2F6FED0100BE67B2 /* XCRemoteSwiftPackageReference "firebase-ios-sdk" */;
			productName = FirebaseFirestore;
		};
		1EABB3182F7EAAD500BE67B2 /* FirebaseStorage */ = {
			isa = XCSwiftPackageProductDependency;
			package = 1EABB2EB2F6FED0100BE67B2 /* XCRemoteSwiftPackageReference "firebase-ios-sdk" */;
			productName = FirebaseStorage;
		};
		1ED62D5E2FE1B27F0095CFBA /* Supabase */ = {
			isa = XCSwiftPackageProductDependency;
			package = 1ED62D5B2FE1B1660095CFBA /* XCRemoteSwiftPackageReference "supabase-swift" */;
			productName = Supabase;
		};
/* End XCSwiftPackageProductDependency section */
	};
	rootObject = 1E95D8CC2F5F1834001760FE /* Project object */;
}
